// !$*UTF8*$!
{
	archiveVersion = 1;
	classes = {
	};
	objectVersion = 50;
	objects = {

/* Begin PBXBuildFile section */
		09EA8AE22276ECD60029298B /* AppDelegate.swift in Sources */ = {isa = PBXBuildFile; fileRef = 09EA8AE12276ECD60029298B /* AppDelegate.swift */; };
		09EA8AE42276ECD60029298B /* MainFirstViewController.swift in Sources */ = {isa = PBXBuildFile; fileRef = 09EA8AE32276ECD60029298B /* MainFirstViewController.swift */; };
		09EA8AE72276ECD60029298B /* Main.storyboard in Resources */ = {isa = PBXBuildFile; fileRef = 09EA8AE52276ECD60029298B /* Main.storyboard */; };
		09EA8AE92276ECD80029298B /* Assets.xcassets in Resources */ = {isa = PBXBuildFile; fileRef = 09EA8AE82276ECD80029298B /* Assets.xcassets */; };
		09EA8AEC2276ECD80029298B /* LaunchScreen.storyboard in Resources */ = {isa = PBXBuildFile; fileRef = 09EA8AEA2276ECD80029298B /* LaunchScreen.storyboard */; };
		09EA8AF62276ED1B0029298B /* MainCoordinator.swift in Sources */ = {isa = PBXBuildFile; fileRef = 09EA8AF52276ED1B0029298B /* MainCoordinator.swift */; };
		09EA8AFB2276EF6B0029298B /* MainSecondViewController.swift in Sources */ = {isa = PBXBuildFile; fileRef = 09EA8AFA2276EF6B0029298B /* MainSecondViewController.swift */; };
		09EA8B012276EFEA0029298B /* BlueCoordinator.swift in Sources */ = {isa = PBXBuildFile; fileRef = 09EA8B002276EFEA0029298B /* BlueCoordinator.swift */; };
		09EA8B032276EFEC0029298B /* RedCoordinator.swift in Sources */ = {isa = PBXBuildFile; fileRef = 09EA8B022276EFEC0029298B /* RedCoordinator.swift */; };
		09EA8B072276F0E50029298B /* BaseCoordinator.swift in Sources */ = {isa = PBXBuildFile; fileRef = 09EA8B062276F0E50029298B /* BaseCoordinator.swift */; };
		09EA8B092276F5820029298B /* UIStoryboard+Storyboards.swift in Sources */ = {isa = PBXBuildFile; fileRef = 09EA8B082276F5820029298B /* UIStoryboard+Storyboards.swift */; };
		09EA8B112276F6740029298B /* Red.storyboard in Resources */ = {isa = PBXBuildFile; fileRef = 09EA8B0D2276F6740029298B /* Red.storyboard */; };
		09EA8B122276F6740029298B /* Blue.storyboard in Resources */ = {isa = PBXBuildFile; fileRef = 09EA8B0F2276F6740029298B /* Blue.storyboard */; };
		09EA8B132276F7B40029298B /* BlueFirstViewController.swift in Sources */ = {isa = PBXBuildFile; fileRef = 09EA8AFC2276EF950029298B /* BlueFirstViewController.swift */; };
		09EA8B142276F7B40029298B /* BlueSecondViewController.swift in Sources */ = {isa = PBXBuildFile; fileRef = 09EA8AFD2276EFA10029298B /* BlueSecondViewController.swift */; };
		09EA8B152276F7B40029298B /* RedFirstViewController.swift in Sources */ = {isa = PBXBuildFile; fileRef = 09EA8AFE2276EFC30029298B /* RedFirstViewController.swift */; };
		09EA8B162276F7B40029298B /* RedSecondViewController.swift in Sources */ = {isa = PBXBuildFile; fileRef = 09EA8AFF2276EFC40029298B /* RedSecondViewController.swift */; };
		09EA8B182276F8300029298B /* Constants.swift in Sources */ = {isa = PBXBuildFile; fileRef = 09EA8B172276F8300029298B /* Constants.swift */; };
		09EA8B1B2276FC650029298B /* StoryboardIdentifiable.swift in Sources */ = {isa = PBXBuildFile; fileRef = 09EA8B1A2276FC650029298B /* StoryboardIdentifiable.swift */; };
		09EA8B1D2276FDA70029298B /* MainNavigationController.swift in Sources */ = {isa = PBXBuildFile; fileRef = 09EA8B1C2276FDA70029298B /* MainNavigationController.swift */; };
		09EA8B20227712FB0029298B /* RedNavigationController.swift in Sources */ = {isa = PBXBuildFile; fileRef = 09EA8B1F227712FB0029298B /* RedNavigationController.swift */; };
/* End PBXBuildFile section */

/* Begin PBXFileReference section */
		09EA8ADE2276ECD60029298B /* CoordinatorDemo.app */ = {isa = PBXFileReference; explicitFileType = wrapper.application; includeInIndex = 0; path = CoordinatorDemo.app; sourceTree = BUILT_PRODUCTS_DIR; };
		09EA8AE12276ECD60029298B /* AppDelegate.swift */ = {isa = PBXFileReference; lastKnownFileType = sourcecode.swift; path = AppDelegate.swift; sourceTree = "<group>"; };
		09EA8AE32276ECD60029298B /* MainFirstViewController.swift */ = {isa = PBXFileReference; lastKnownFileType = sourcecode.swift; path = MainFirstViewController.swift; sourceTree = "<group>"; };
		09EA8AE62276ECD60029298B /* Base */ = {isa = PBXFileReference; lastKnownFileType = file.storyboard; name = Base; path = Base.lproj/Main.storyboard; sourceTree = "<group>"; };
		09EA8AE82276ECD80029298B /* Assets.xcassets */ = {isa = PBXFileReference; lastKnownFileType = folder.assetcatalog; path = Assets.xcassets; sourceTree = "<group>"; };
		09EA8AEB2276ECD80029298B /* Base */ = {isa = PBXFileReference; lastKnownFileType = file.storyboard; name = Base; path = Base.lproj/LaunchScreen.storyboard; sourceTree = "<group>"; };
		09EA8AED2276ECD80029298B /* Info.plist */ = {isa = PBXFileReference; lastKnownFileType = text.plist.xml; path = Info.plist; sourceTree = "<group>"; };
		09EA8AF52276ED1B0029298B /* MainCoordinator.swift */ = {isa = PBXFileReference; lastKnownFileType = sourcecode.swift; path = MainCoordinator.swift; sourceTree = "<group>"; };
		09EA8AFA2276EF6B0029298B /* MainSecondViewController.swift */ = {isa = PBXFileReference; lastKnownFileType = sourcecode.swift; path = MainSecondViewController.swift; sourceTree = "<group>"; };
		09EA8AFC2276EF950029298B /* BlueFirstViewController.swift */ = {isa = PBXFileReference; lastKnownFileType = sourcecode.swift; path = BlueFirstViewController.swift; sourceTree = "<group>"; };
		09EA8AFD2276EFA10029298B /* BlueSecondViewController.swift */ = {isa = PBXFileReference; lastKnownFileType = sourcecode.swift; path = BlueSecondViewController.swift; sourceTree = "<group>"; };
		09EA8AFE2276EFC30029298B /* RedFirstViewController.swift */ = {isa = PBXFileReference; lastKnownFileType = sourcecode.swift; path = RedFirstViewController.swift; sourceTree = "<group>"; };
		09EA8AFF2276EFC40029298B /* RedSecondViewController.swift */ = {isa = PBXFileReference; lastKnownFileType = sourcecode.swift; path = RedSecondViewController.swift; sourceTree = "<group>"; };
		09EA8B002276EFEA0029298B /* BlueCoordinator.swift */ = {isa = PBXFileReference; lastKnownFileType = sourcecode.swift; path = BlueCoordinator.swift; sourceTree = "<group>"; };
		09EA8B022276EFEC0029298B /* RedCoordinator.swift */ = {isa = PBXFileReference; lastKnownFileType = sourcecode.swift; path = RedCoordinator.swift; sourceTree = "<group>"; };
		09EA8B062276F0E50029298B /* BaseCoordinator.swift */ = {isa = PBXFileReference; lastKnownFileType = sourcecode.swift; path = BaseCoordinator.swift; sourceTree = "<group>"; };
		09EA8B082276F5820029298B /* UIStoryboard+Storyboards.swift */ = {isa = PBXFileReference; fileEncoding = 4; lastKnownFileType = sourcecode.swift; path = "UIStoryboard+Storyboards.swift"; sourceTree = "<group>"; };
		09EA8B0E2276F6740029298B /* Base */ = {isa = PBXFileReference; lastKnownFileType = file.storyboard; name = Base; path = Base.lproj/Red.storyboard; sourceTree = "<group>"; };
		09EA8B102276F6740029298B /* Base */ = {isa = PBXFileReference; lastKnownFileType = file.storyboard; name = Base; path = Base.lproj/Blue.storyboard; sourceTree = "<group>"; };
		09EA8B172276F8300029298B /* Constants.swift */ = {isa = PBXFileReference; fileEncoding = 4; lastKnownFileType = sourcecode.swift; path = Constants.swift; sourceTree = "<group>"; };
		09EA8B1A2276FC650029298B /* StoryboardIdentifiable.swift */ = {isa = PBXFileReference; fileEncoding = 4; lastKnownFileType = sourcecode.swift; path = StoryboardIdentifiable.swift; sourceTree = "<group>"; };
		09EA8B1C2276FDA70029298B /* MainNavigationController.swift */ = {isa = PBXFileReference; lastKnownFileType = sourcecode.swift; path = MainNavigationController.swift; sourceTree = "<group>"; };
		09EA8B1F227712FB0029298B /* RedNavigationController.swift */ = {isa = PBXFileReference; lastKnownFileType = sourcecode.swift; path = RedNavigationController.swift; sourceTree = "<group>"; };
/* End PBXFileReference section */

/* Begin PBXFrameworksBuildPhase section */
		09EA8ADB2276ECD60029298B /* Frameworks */ = {
			isa = PBXFrameworksBuildPhase;
			buildActionMask = 2147483647;
			files = (
			);
			runOnlyForDeploymentPostprocessing = 0;
		};
/* End PBXFrameworksBuildPhase section */

/* Begin PBXGroup section */
		09EA8AD52276ECD60029298B = {
			isa = PBXGroup;
			children = (
				09EA8AE02276ECD60029298B /* CoordinatorDemo */,
				09EA8ADF2276ECD60029298B /* Products */,
			);
			sourceTree = "<group>";
		};
		09EA8ADF2276ECD60029298B /* Products */ = {
			isa = PBXGroup;
			children = (
				09EA8ADE2276ECD60029298B /* CoordinatorDemo.app */,
			);
			name = Products;
			sourceTree = "<group>";
		};
		09EA8AE02276ECD60029298B /* CoordinatorDemo */ = {
			isa = PBXGroup;
			children = (
				09EA8B172276F8300029298B /* Constants.swift */,
				09EA8B0A2276F5870029298B /* Extension */,
				09EA8B192276FC500029298B /* Protocol */,
				09EA8AF32276ECF30029298B /* Model */,
				09EA8AF42276ECFA0029298B /* Presentation */,
				09EA8AE12276ECD60029298B /* AppDelegate.swift */,
				09EA8AE82276ECD80029298B /* Assets.xcassets */,
				09EA8AEA2276ECD80029298B /* LaunchScreen.storyboard */,
				09EA8AED2276ECD80029298B /* Info.plist */,
			);
			path = CoordinatorDemo;
			sourceTree = "<group>";
		};
		09EA8AF32276ECF30029298B /* Model */ = {
			isa = PBXGroup;
			children = (
				09EA8B062276F0E50029298B /* BaseCoordinator.swift */,
				09EA8AF52276ED1B0029298B /* MainCoordinator.swift */,
				09EA8B002276EFEA0029298B /* BlueCoordinator.swift */,
				09EA8B022276EFEC0029298B /* RedCoordinator.swift */,
			);
			path = Model;
			sourceTree = "<group>";
		};
		09EA8AF42276ECFA0029298B /* Presentation */ = {
			isa = PBXGroup;
			children = (
				09EA8AF72276EF430029298B /* Main */,
				09EA8AF92276EF550029298B /* BlueFeature */,
				09EA8AF82276EF4C0029298B /* RedFeature */,
			);
			path = Presentation;
			sourceTree = "<group>";
		};
		09EA8AF72276EF430029298B /* Main */ = {
			isa = PBXGroup;
			children = (
				09EA8AE52276ECD60029298B /* Main.storyboard */,
				09EA8B1C2276FDA70029298B /* MainNavigationController.swift */,
				09EA8AE32276ECD60029298B /* MainFirstViewController.swift */,
				09EA8AFA2276EF6B0029298B /* MainSecondViewController.swift */,
			);
			path = Main;
			sourceTree = "<group>";
		};
		09EA8AF82276EF4C0029298B /* RedFeature */ = {
			isa = PBXGroup;
			children = (
				09EA8B0D2276F6740029298B /* Red.storyboard */,
				09EA8B1F227712FB0029298B /* RedNavigationController.swift */,
				09EA8AFE2276EFC30029298B /* RedFirstViewController.swift */,
				09EA8AFF2276EFC40029298B /* RedSecondViewController.swift */,
			);
			path = RedFeature;
			sourceTree = "<group>";
		};
		09EA8AF92276EF550029298B /* BlueFeature */ = {
			isa = PBXGroup;
			children = (
				09EA8B0F2276F6740029298B /* Blue.storyboard */,
				09EA8AFC2276EF950029298B /* BlueFirstViewController.swift */,
				09EA8AFD2276EFA10029298B /* BlueSecondViewController.swift */,
			);
			path = BlueFeature;
			sourceTree = "<group>";
		};
		09EA8B0A2276F5870029298B /* Extension */ = {
			isa = PBXGroup;
			children = (
				09EA8B082276F5820029298B /* UIStoryboard+Storyboards.swift */,
			);
			path = Extension;
			sourceTree = "<group>";
		};
		09EA8B192276FC500029298B /* Protocol */ = {
			isa = PBXGroup;
			children = (
				09EA8B1A2276FC650029298B /* StoryboardIdentifiable.swift */,
			);
			path = Protocol;
			sourceTree = "<group>";
		};
/* End PBXGroup section */

/* Begin PBXNativeTarget section */
		09EA8ADD2276ECD60029298B /* CoordinatorDemo */ = {
			isa = PBXNativeTarget;
			buildConfigurationList = 09EA8AF02276ECD80029298B /* Build configuration list for PBXNativeTarget "CoordinatorDemo" */;
			buildPhases = (
				09EA8ADA2276ECD60029298B /* Sources */,
				09EA8ADB2276ECD60029298B /* Frameworks */,
				09EA8ADC2276ECD60029298B /* Resources */,
			);
			buildRules = (
			);
			dependencies = (
			);
			name = CoordinatorDemo;
			productName = CoordinatorDemo;
			productReference = 09EA8ADE2276ECD60029298B /* CoordinatorDemo.app */;
			productType = "com.apple.product-type.application";
		};
/* End PBXNativeTarget section */

/* Begin PBXProject section */
		09EA8AD62276ECD60029298B /* Project object */ = {
			isa = PBXProject;
			attributes = {
				LastSwiftUpdateCheck = 1020;
				LastUpgradeCheck = 1020;
				ORGANIZATIONNAME = Openbank;
				TargetAttributes = {
					09EA8ADD2276ECD60029298B = {
						CreatedOnToolsVersion = 10.2.1;
					};
				};
			};
			buildConfigurationList = 09EA8AD92276ECD60029298B /* Build configuration list for PBXProject "CoordinatorDemo" */;
			compatibilityVersion = "Xcode 9.3";
			developmentRegion = en;
			hasScannedForEncodings = 0;
			knownRegions = (
				en,
				Base,
			);
			mainGroup = 09EA8AD52276ECD60029298B;
			productRefGroup = 09EA8ADF2276ECD60029298B /* Products */;
			projectDirPath = "";
			projectRoot = "";
			targets = (
				09EA8ADD2276ECD60029298B /* CoordinatorDemo */,
			);
		};
/* End PBXProject section */

/* Begin PBXResourcesBuildPhase section */
		09EA8ADC2276ECD60029298B /* Resources */ = {
			isa = PBXResourcesBuildPhase;
			buildActionMask = 2147483647;
			files = (
				09EA8B112276F6740029298B /* Red.storyboard in Resources */,
				09EA8AEC2276ECD80029298B /* LaunchScreen.storyboard in Resources */,
				09EA8B122276F6740029298B /* Blue.storyboard in Resources */,
				09EA8AE92276ECD80029298B /* Assets.xcassets in Resources */,
				09EA8AE72276ECD60029298B /* Main.storyboard in Resources */,
			);
			runOnlyForDeploymentPostprocessing = 0;
		};
/* End PBXResourcesBuildPhase section */

/* Begin PBXSourcesBuildPhase section */
		09EA8ADA2276ECD60029298B /* Sources */ = {
			isa = PBXSourcesBuildPhase;
			buildActionMask = 2147483647;
			files = (
				09EA8B1D2276FDA70029298B /* MainNavigationController.swift in Sources */,
				09EA8B1B2276FC650029298B /* StoryboardIdentifiable.swift in Sources */,
				09EA8B20227712FB0029298B /* RedNavigationController.swift in Sources */,
				09EA8B142276F7B40029298B /* BlueSecondViewController.swift in Sources */,
				09EA8AE42276ECD60029298B /* MainFirstViewController.swift in Sources */,
				09EA8B152276F7B40029298B /* RedFirstViewController.swift in Sources */,
				09EA8B012276EFEA0029298B /* BlueCoordinator.swift in Sources */,
				09EA8AF62276ED1B0029298B /* MainCoordinator.swift in Sources */,
				09EA8B072276F0E50029298B /* BaseCoordinator.swift in Sources */,
				09EA8AFB2276EF6B0029298B /* MainSecondViewController.swift in Sources */,
				09EA8B182276F8300029298B /* Constants.swift in Sources */,
				09EA8AE22276ECD60029298B /* AppDelegate.swift in Sources */,
				09EA8B032276EFEC0029298B /* RedCoordinator.swift in Sources */,
				09EA8B132276F7B40029298B /* BlueFirstViewController.swift in Sources */,
				09EA8B162276F7B40029298B /* RedSecondViewController.swift in Sources */,
				09EA8B092276F5820029298B /* UIStoryboard+Storyboards.swift in Sources */,
			);
			runOnlyForDeploymentPostprocessing = 0;
		};
/* End PBXSourcesBuildPhase section */

/* Begin PBXVariantGroup section */
		09EA8AE52276ECD60029298B /* Main.storyboard */ = {
			isa = PBXVariantGroup;
			children = (
				09EA8AE62276ECD60029298B /* Base */,
			);
			name = Main.storyboard;
			sourceTree = "<group>";
		};
		09EA8AEA2276ECD80029298B /* LaunchScreen.storyboard */ = {
			isa = PBXVariantGroup;
			children = (
				09EA8AEB2276ECD80029298B /* Base */,
			);
			name = LaunchScreen.storyboard;
			sourceTree = "<group>";
		};
		09EA8B0D2276F6740029298B /* Red.storyboard */ = {
			isa = PBXVariantGroup;
			children = (
				09EA8B0E2276F6740029298B /* Base */,
			);
			name = Red.storyboard;
			sourceTree = "<group>";
		};
		09EA8B0F2276F6740029298B /* Blue.storyboard */ = {
			isa = PBXVariantGroup;
			children = (
				09EA8B102276F6740029298B /* Base */,
			);
			name = Blue.storyboard;
			sourceTree = "<group>";
		};
/* End PBXVariantGroup section */

/* Begin XCBuildConfiguration section */
		09EA8AEE2276ECD80029298B /* Debug */ = {
			isa = XCBuildConfiguration;
			buildSettings = {
				ALWAYS_SEARCH_USER_PATHS = NO;
				CLANG_ANALYZER_NONNULL = YES;
				CLANG_ANALYZER_NUMBER_OBJECT_CONVERSION = YES_AGGRESSIVE;
				CLANG_CXX_LANGUAGE_STANDARD = "gnu++14";
				CLANG_CXX_LIBRARY = "libc++";
				CLANG_ENABLE_MODULES = YES;
				CLANG_ENABLE_OBJC_ARC = YES;
				CLANG_ENABLE_OBJC_WEAK = YES;
				CLANG_WARN_BLOCK_CAPTURE_AUTORELEASING = YES;
				CLANG_WARN_BOOL_CONVERSION = YES;
				CLANG_WARN_COMMA = YES;
				CLANG_WARN_CONSTANT_CONVERSION = YES;
				CLANG_WARN_DEPRECATED_OBJC_IMPLEMENTATIONS = YES;
				CLANG_WARN_DIRECT_OBJC_ISA_USAGE = YES_ERROR;
				CLANG_WARN_DOCUMENTATION_COMMENTS = YES;
				CLANG_WARN_EMPTY_BODY = YES;
				CLANG_WARN_ENUM_CONVERSION = YES;
				CLANG_WARN_INFINITE_RECURSION = YES;
				CLANG_WARN_INT_CONVERSION = YES;
				CLANG_WARN_NON_LITERAL_NULL_CONVERSION = YES;
				CLANG_WARN_OBJC_IMPLICIT_RETAIN_SELF = YES;
				CLANG_WARN_OBJC_LITERAL_CONVERSION = YES;
				CLANG_WARN_OBJC_ROOT_CLASS = YES_ERROR;
				CLANG_WARN_RANGE_LOOP_ANALYSIS = YES;
				CLANG_WARN_STRICT_PROTOTYPES = YES;
				CLANG_WARN_SUSPICIOUS_MOVE = YES;
				CLANG_WARN_UNGUARDED_AVAILABILITY = YES_AGGRESSIVE;
				CLANG_WARN_UNREACHABLE_CODE = YES;
				CLANG_WARN__DUPLICATE_METHOD_MATCH = YES;
				CODE_SIGN_IDENTITY = "iPhone Developer";
				COPY_PHASE_STRIP = NO;
				DEBUG_INFORMATION_FORMAT = dwarf;
				ENABLE_STRICT_OBJC_MSGSEND = YES;
				ENABLE_TESTABILITY = YES;
				GCC_C_LANGUAGE_STANDARD = gnu11;
				GCC_DYNAMIC_NO_PIC = NO;
				GCC_NO_COMMON_BLOCKS = YES;
				GCC_OPTIMIZATION_LEVEL = 0;
				GCC_PREPROCESSOR_DEFINITIONS = (
					"DEBUG=1",
					"$(inherited)",
				);
				GCC_WARN_64_TO_32_BIT_CONVERSION = YES;
				GCC_WARN_ABOUT_RETURN_TYPE = YES_ERROR;
				GCC_WARN_UNDECLARED_SELECTOR = YES;
				GCC_WARN_UNINITIALIZED_AUTOS = YES_AGGRESSIVE;
				GCC_WARN_UNUSED_FUNCTION = YES;
				GCC_WARN_UNUSED_VARIABLE = YES;
				IPHONEOS_DEPLOYMENT_TARGET = 12.2;
				MTL_ENABLE_DEBUG_INFO = INCLUDE_SOURCE;
				MTL_FAST_MATH = YES;
				ONLY_ACTIVE_ARCH = YES;
				SDKROOT = iphoneos;
				SWIFT_ACTIVE_COMPILATION_CONDITIONS = DEBUG;
				SWIFT_OPTIMIZATION_LEVEL = "-Onone";
			};
			name = Debug;
		};
		09EA8AEF2276ECD80029298B /* Release */ = {
			isa = XCBuildConfiguration;
			buildSettings = {
				ALWAYS_SEARCH_USER_PATHS = NO;
				CLANG_ANALYZER_NONNULL = YES;
				CLANG_ANALYZER_NUMBER_OBJECT_CONVERSION = YES_AGGRESSIVE;
				CLANG_CXX_LANGUAGE_STANDARD = "gnu++14";
				CLANG_CXX_LIBRARY = "libc++";
				CLANG_ENABLE_MODULES = YES;
				CLANG_ENABLE_OBJC_ARC = YES;
				CLANG_ENABLE_OBJC_WEAK = YES;
				CLANG_WARN_BLOCK_CAPTURE_AUTORELEASING = YES;
				CLANG_WARN_BOOL_CONVERSION = YES;
				CLANG_WARN_COMMA = YES;
				CLANG_WARN_CONSTANT_CONVERSION = YES;
				CLANG_WARN_DEPRECATED_OBJC_IMPLEMENTATIONS = YES;
				CLANG_WARN_DIRECT_OBJC_ISA_USAGE = YES_ERROR;
				CLANG_WARN_DOCUMENTATION_COMMENTS = YES;
				CLANG_WARN_EMPTY_BODY = YES;
				CLANG_WARN_ENUM_CONVERSION = YES;
				CLANG_WARN_INFINITE_RECURSION = YES;
				CLANG_WARN_INT_CONVERSION = YES;
				CLANG_WARN_NON_LITERAL_NULL_CONVERSION = YES;
				CLANG_WARN_OBJC_IMPLICIT_RETAIN_SELF = YES;
				CLANG_WARN_OBJC_LITERAL_CONVERSION = YES;
				CLANG_WARN_OBJC_ROOT_CLASS = YES_ERROR;
				CLANG_WARN_RANGE_LOOP_ANALYSIS = YES;
				CLANG_WARN_STRICT_PROTOTYPES = YES;
				CLANG_WARN_SUSPICIOUS_MOVE = YES;
				CLANG_WARN_UNGUARDED_AVAILABILITY = YES_AGGRESSIVE;
				CLANG_WARN_UNREACHABLE_CODE = YES;
				CLANG_WARN__DUPLICATE_METHOD_MATCH = YES;
				CODE_SIGN_IDENTITY = "iPhone Developer";
				COPY_PHASE_STRIP = NO;
				DEBUG_INFORMATION_FORMAT = "dwarf-with-dsym";
				ENABLE_NS_ASSERTIONS = NO;
				ENABLE_STRICT_OBJC_MSGSEND = YES;
				GCC_C_LANGUAGE_STANDARD = gnu11;
				GCC_NO_COMMON_BLOCKS = YES;
				GCC_WARN_64_TO_32_BIT_CONVERSION = YES;
				GCC_WARN_ABOUT_RETURN_TYPE = YES_ERROR;
				GCC_WARN_UNDECLARED_SELECTOR = YES;
				GCC_WARN_UNINITIALIZED_AUTOS = YES_AGGRESSIVE;
				GCC_WARN_UNUSED_FUNCTION = YES;
				GCC_WARN_UNUSED_VARIABLE = YES;
				IPHONEOS_DEPLOYMENT_TARGET = 12.2;
				MTL_ENABLE_DEBUG_INFO = NO;
				MTL_FAST_MATH = YES;
				SDKROOT = iphoneos;
				SWIFT_COMPILATION_MODE = wholemodule;
				SWIFT_OPTIMIZATION_LEVEL = "-O";
				VALIDATE_PRODUCT = YES;
			};
			name = Release;
		};
		09EA8AF12276ECD80029298B /* Debug */ = {
			isa = XCBuildConfiguration;
			buildSettings = {
				ASSETCATALOG_COMPILER_APPICON_NAME = AppIcon;
				CODE_SIGN_STYLE = Automatic;
				DEVELOPMENT_TEAM = T2P57TWK7Z;
				INFOPLIST_FILE = CoordinatorDemo/Info.plist;
				LD_RUNPATH_SEARCH_PATHS = (
					"$(inherited)",
					"@executable_path/Frameworks",
				);
				PRODUCT_BUNDLE_IDENTIFIER = ru.openbank.CoordinatorDemo;
				PRODUCT_NAME = "$(TARGET_NAME)";
				SWIFT_VERSION = 5.0;
				TARGETED_DEVICE_FAMILY = "1,2";
			};
			name = Debug;
		};
		09EA8AF22276ECD80029298B /* Release */ = {
			isa = XCBuildConfiguration;
			buildSettings = {
				ASSETCATALOG_COMPILER_APPICON_NAME = AppIcon;
				CODE_SIGN_STYLE = Automatic;
				DEVELOPMENT_TEAM = T2P57TWK7Z;
				INFOPLIST_FILE = CoordinatorDemo/Info.plist;
				LD_RUNPATH_SEARCH_PATHS = (
					"$(inherited)",
					"@executable_path/Frameworks",
				);
				PRODUCT_BUNDLE_IDENTIFIER = ru.openbank.CoordinatorDemo;
				PRODUCT_NAME = "$(TARGET_NAME)";
				SWIFT_VERSION = 5.0;
				TARGETED_DEVICE_FAMILY = "1,2";
			};
			name = Release;
		};
/* End XCBuildConfiguration section */

/* Begin XCConfigurationList section */
		09EA8AD92276ECD60029298B /* Build configuration list for PBXProject "CoordinatorDemo" */ = {
			isa = XCConfigurationList;
			buildConfigurations = (
				09EA8AEE2276ECD80029298B /* Debug */,
				09EA8AEF2276ECD80029298B /* Release */,
			);
			defaultConfigurationIsVisible = 0;
			defaultConfigurationName = Release;
		};
		09EA8AF02276ECD80029298B /* Build configuration list for PBXNativeTarget "CoordinatorDemo" */ = {
			isa = XCConfigurationList;
			buildConfigurations = (
				09EA8AF12276ECD80029298B /* Debug */,
				09EA8AF22276ECD80029298B /* Release */,
			);
			defaultConfigurationIsVisible = 0;
			defaultConfigurationName = Release;
		};
/* End XCConfigurationList section */
	};
	rootObject = 09EA8AD62276ECD60029298B /* Project object */;
}
